
Microsoft Visual Studio Solution File, Format Version 12.00
# Visual Studio 15
VisualStudioVersion = 15.0.28307.438
MinimumVisualStudioVersion = 10.0.40219.1
Project("{8BC9CEB8-8B4A-11D0-8D11-00A0C91BC942}") = "GLApp", "GLApp\GLApp.vcxproj", "{65D994DB-EC4B-4079-B789-9D2CE7DCADFD}"
EndProject
Global
	GlobalSection(SolutionConfigurationPlatforms) = preSolution
		Debug|x64 = Debug|x64
		Debug|x86 = Debug|x86
		Release|x64 = Release|x64
		Release|x86 = Release|x86
	EndGlobalSection
	GlobalSection(ProjectConfigurationPlatforms) = postSolution
		{65D994DB-EC4B-4079-B789-9D2CE7DCADFD}.Debug|x64.ActiveCfg = Debug|x64
		{65D994DB-EC4B-4079-B789-9D2CE7DCADFD}.Debug|x64.Build.0 = Debug|x64
		{65D994DB-EC4B-4079-B789-9D2CE7DCADFD}.Debug|x86.ActiveCfg = Debug|Win32
		{65D994DB-EC4B-4079-B789-9D2CE7DCADFD}.Debug|x86.Build.0 = Debug|Win32
		{65D994DB-EC4B-4079-B789-9D2CE7DCADFD}.Release|x64.ActiveCfg = Release|x64
		{65D994DB-EC4B-4079-B789-9D2CE7DCADFD}.Release|x64.Build.0 = Release|x64
		{65D994DB-EC4B-4079-B789-9D2CE7DCADFD}.Release|x86.ActiveCfg = Release|Win32
		{65D994DB-EC4B-4079-B789-9D2CE7DCADFD}.Release|x86.Build.0 = Release|Win32
	EndGlobalSection
	GlobalSection(SolutionProperties) = preSolution
		HideSolutionNode = FALSE
	EndGlobalSection
	GlobalSection(ExtensibilityGlobals) = postSolution
		SolutionGuid = {A3883735-89DF-4481-81BA-CE75C42E2FF3}
	EndGlobalSection
EndGlobal
